// !$*UTF8*$!
{
	archiveVersion = 1;
	classes = {
	};
	objectVersion = 46;
	objects = {

/* Begin PBXBuildFile section */
		65191BCC1F50CF00000CF1BE /* misc.c in Sources */ = {isa = PBXBuildFile; fileRef = 65191BCB1F50CF00000CF1BE /* misc.c */; };
		65191BCE1F51DD3D000CF1BE /* Tools.m in Sources */ = {isa = PBXBuildFile; fileRef = 65191BCD1F51DD3D000CF1BE /* Tools.m */; };
		6523DF0E1F07BCD60082E6A9 /* main.m in Sources */ = {isa = PBXBuildFile; fileRef = 6523DF0D1F07BCD60082E6A9 /* main.m */; };
/* End PBXBuildFile section */

/* Begin PBXCopyFilesBuildPhase section */
		6523DF081F07BCD60082E6A9 /* CopyFiles */ = {
			isa = PBXCopyFilesBuildPhase;
			buildActionMask = 2147483647;
			dstPath = /usr/share/man/man1/;
			dstSubfolderSpec = 0;
			files = (
			);
			runOnlyForDeploymentPostprocessing = 1;
		};
/* End PBXCopyFilesBuildPhase section */

/* Begin PBXFileReference section */
		65191BC51F50BB2D000CF1BE /* main.h */ = {isa = PBXFileReference; fileEncoding = 4; lastKnownFileType = sourcecode.c.h; path = main.h; sourceTree = "<group>"; };
		65191BC61F50BB41000CF1BE /* misc.h */ = {isa = PBXFileReference; fileEncoding = 4; lastKnownFileType = sourcecode.c.h; path = misc.h; sourceTree = "<group>"; };
		65191BC71F50BC47000CF1BE /* funcs.h */ = {isa = PBXFileReference; fileEncoding = 4; lastKnownFileType = sourcecode.c.h; path = funcs.h; sourceTree = "<group>"; };
		65191BC81F50BCCE000CF1BE /* share.h */ = {isa = PBXFileReference; fileEncoding = 4; lastKnownFileType = sourcecode.c.h; path = share.h; sourceTree = "<group>"; };
		65191BCB1F50CF00000CF1BE /* misc.c */ = {isa = PBXFileReference; fileEncoding = 4; lastKnownFileType = sourcecode.c.c; path = misc.c; sourceTree = "<group>"; };
		65191BCD1F51DD3D000CF1BE /* Tools.m */ = {isa = PBXFileReference; fileEncoding = 4; lastKnownFileType = sourcecode.c.objc; path = Tools.m; sourceTree = "<group>"; };
		6523DF0A1F07BCD60082E6A9 /* adv-ios */ = {isa = PBXFileReference; explicitFileType = "compiled.mach-o.executable"; includeInIndex = 0; path = adv-ios; sourceTree = BUILT_PRODUCTS_DIR; };
		6523DF0D1F07BCD60082E6A9 /* main.m */ = {isa = PBXFileReference; lastKnownFileType = sourcecode.c.objc; path = main.m; sourceTree = "<group>"; };
		652B86941F3E2DDC00EF4316 /* Adventure.h */ = {isa = PBXFileReference; fileEncoding = 4; lastKnownFileType = sourcecode.c.h; path = Adventure.h; sourceTree = "<group>"; };
/* End PBXFileReference section */

/* Begin PBXFrameworksBuildPhase section */
		6523DF071F07BCD60082E6A9 /* Frameworks */ = {
			isa = PBXFrameworksBuildPhase;
			buildActionMask = 2147483647;
			files = (
			);
			runOnlyForDeploymentPostprocessing = 0;
		};
/* End PBXFrameworksBuildPhase section */

/* Begin PBXGroup section */
		6523DF011F07BCD60082E6A9 = {
			isa = PBXGroup;
			children = (
				6523DF0C1F07BCD60082E6A9 /* adv-ios */,
				6523DF0B1F07BCD60082E6A9 /* Products */,
			);
			sourceTree = "<group>";
		};
		6523DF0B1F07BCD60082E6A9 /* Products */ = {
			isa = PBXGroup;
			children = (
				6523DF0A1F07BCD60082E6A9 /* adv-ios */,
			);
			name = Products;
			sourceTree = "<group>";
		};
		6523DF0C1F07BCD60082E6A9 /* adv-ios */ = {
			isa = PBXGroup;
			children = (
				6523DF0D1F07BCD60082E6A9 /* main.m */,
				65191BCD1F51DD3D000CF1BE /* Tools.m */,
				65191BCB1F50CF00000CF1BE /* misc.c */,
				65191BC51F50BB2D000CF1BE /* main.h */,
				65191BC61F50BB41000CF1BE /* misc.h */,
				65191BC71F50BC47000CF1BE /* funcs.h */,
				65191BC81F50BCCE000CF1BE /* share.h */,
				652B86941F3E2DDC00EF4316 /* Adventure.h */,
			);
			path = adv-ios;
			sourceTree = "<group>";
		};
/* End PBXGroup section */

/* Begin PBXNativeTarget section */
		6523DF091F07BCD60082E6A9 /* adv-ios */ = {
			isa = PBXNativeTarget;
			buildConfigurationList = 6523DF111F07BCD60082E6A9 /* Build configuration list for PBXNativeTarget "adv-ios" */;
			buildPhases = (
				6523DF061F07BCD60082E6A9 /* Sources */,
				6523DF071F07BCD60082E6A9 /* Frameworks */,
				6523DF081F07BCD60082E6A9 /* CopyFiles */,
			);
			buildRules = (
			);
			dependencies = (
			);
			name = adv-ios;
			productName = adv-ios;
			productReference = 6523DF0A1F07BCD60082E6A9 /* adv-ios */;
			productType = "com.apple.product-type.tool";
		};
/* End PBXNativeTarget section */

/* Begin PBXProject section */
		6523DF021F07BCD60082E6A9 /* Project object */ = {
			isa = PBXProject;
			attributes = {
				LastUpgradeCheck = 0730;
				ORGANIZATIONNAME = "code masterss";
				TargetAttributes = {
					6523DF091F07BCD60082E6A9 = {
						CreatedOnToolsVersion = 7.3.1;
					};
				};
			};
			buildConfigurationList = 6523DF051F07BCD60082E6A9 /* Build configuration list for PBXProject "adv-ios" */;
			compatibilityVersion = "Xcode 3.2";
			developmentRegion = English;
			hasScannedForEncodings = 0;
			knownRegions = (
				en,
			);
			mainGroup = 6523DF011F07BCD60082E6A9;
			productRefGroup = 6523DF0B1F07BCD60082E6A9 /* Products */;
			projectDirPath = "";
			projectRoot = "";
			targets = (
				6523DF091F07BCD60082E6A9 /* adv-ios */,
			);
		};
/* End PBXProject section */

/* Begin PBXSourcesBuildPhase section */
		6523DF061F07BCD60082E6A9 /* Sources */ = {
			isa = PBXSourcesBuildPhase;
			buildActionMask = 2147483647;
			files = (
				65191BCE1F51DD3D000CF1BE /* Tools.m in Sources */,
				6523DF0E1F07BCD60082E6A9 /* main.m in Sources */,
				65191BCC1F50CF00000CF1BE /* misc.c in Sources */,
			);
			runOnlyForDeploymentPostprocessing = 0;
		};
/* End PBXSourcesBuildPhase section */

/* Begin XCBuildConfiguration section */
		6523DF0F1F07BCD60082E6A9 /* Debug */ = {
			isa = XCBuildConfiguration;
			buildSettings = {
				ALWAYS_SEARCH_USER_PATHS = NO;
				CLANG_ANALYZER_NONNULL = YES;
				CLANG_CXX_LANGUAGE_STANDARD = "gnu++0x";
				CLANG_CXX_LIBRARY = "libc++";
				CLANG_ENABLE_MODULES = YES;
				CLANG_ENABLE_OBJC_ARC = YES;
				CLANG_WARN_BOOL_CONVERSION = YES;
				CLANG_WARN_CONSTANT_CONVERSION = YES;
				CLANG_WARN_DIRECT_OBJC_ISA_USAGE = YES_ERROR;
				CLANG_WARN_EMPTY_BODY = YES;
				CLANG_WARN_ENUM_CONVERSION = YES;
				CLANG_WARN_INT_CONVERSION = YES;
				CLANG_WARN_OBJC_ROOT_CLASS = YES_ERROR;
				CLANG_WARN_UNREACHABLE_CODE = YES;
				CLANG_WARN__DUPLICATE_METHOD_MATCH = YES;
				CODE_SIGN_IDENTITY = "-";
				COPY_PHASE_STRIP = NO;
				DEBUG_INFORMATION_FORMAT = dwarf;
				ENABLE_STRICT_OBJC_MSGSEND = YES;
				ENABLE_TESTABILITY = YES;
				GCC_C_LANGUAGE_STANDARD = gnu99;
				GCC_DYNAMIC_NO_PIC = NO;
				GCC_NO_COMMON_BLOCKS = NO;
				GCC_OPTIMIZATION_LEVEL = 0;
				GCC_PREPROCESSOR_DEFINITIONS = (
					"DEBUG=1",
					"$(inherited)",
				);
				GCC_WARN_64_TO_32_BIT_CONVERSION = YES;
				GCC_WARN_ABOUT_RETURN_TYPE = YES_ERROR;
				GCC_WARN_UNDECLARED_SELECTOR = YES;
				GCC_WARN_UNINITIALIZED_AUTOS = YES_AGGRESSIVE;
				GCC_WARN_UNUSED_FUNCTION = YES;
				GCC_WARN_UNUSED_VARIABLE = YES;
				MACOSX_DEPLOYMENT_TARGET = 10.12;
				MTL_ENABLE_DEBUG_INFO = YES;
				ONLY_ACTIVE_ARCH = YES;
				SCAN_ALL_SOURCE_FILES_FOR_INCLUDES = YES;
				SDKROOT = macosx;
			};
			name = Debug;
		};
		6523DF101F07BCD60082E6A9 /* Release */ = {
			isa = XCBuildConfiguration;
			buildSettings = {
				ALWAYS_SEARCH_USER_PATHS = NO;
				CLANG_ANALYZER_NONNULL = YES;
				CLANG_CXX_LANGUAGE_STANDARD = "gnu++0x";
				CLANG_CXX_LIBRARY = "libc++";
				CLANG_ENABLE_MODULES = YES;
				CLANG_ENABLE_OBJC_ARC = YES;
				CLANG_WARN_BOOL_CONVERSION = YES;
				CLANG_WARN_CONSTANT_CONVERSION = YES;
				CLANG_WARN_DIRECT_OBJC_ISA_USAGE = YES_ERROR;
				CLANG_WARN_EMPTY_BODY = YES;
				CLANG_WARN_ENUM_CONVERSION = YES;
				CLANG_WARN_INT_CONVERSION = YES;
				CLANG_WARN_OBJC_ROOT_CLASS = YES_ERROR;
				CLANG_WARN_UNREACHABLE_CODE = YES;
				CLANG_WARN__DUPLICATE_METHOD_MATCH = YES;
				CODE_SIGN_IDENTITY = "-";
				COPY_PHASE_STRIP = NO;
				DEBUG_INFORMATION_FORMAT = "dwarf-with-dsym";
				ENABLE_NS_ASSERTIONS = NO;
				ENABLE_STRICT_OBJC_MSGSEND = YES;
				GCC_C_LANGUAGE_STANDARD = gnu99;
				GCC_NO_COMMON_BLOCKS = NO;
				GCC_WARN_64_TO_32_BIT_CONVERSION = YES;
				GCC_WARN_ABOUT_RETURN_TYPE = YES_ERROR;
				GCC_WARN_UNDECLARED_SELECTOR = YES;
				GCC_WARN_UNINITIALIZED_AUTOS = YES_AGGRESSIVE;
				GCC_WARN_UNUSED_FUNCTION = YES;
				GCC_WARN_UNUSED_VARIABLE = YES;
				MACOSX_DEPLOYMENT_TARGET = 10.12;
				MTL_ENABLE_DEBUG_INFO = NO;
				ONLY_ACTIVE_ARCH = YES;
				SCAN_ALL_SOURCE_FILES_FOR_INCLUDES = YES;
				SDKROOT = macosx;
			};
			name = Release;
		};
		6523DF121F07BCD60082E6A9 /* Debug */ = {
			isa = XCBuildConfiguration;
			buildSettings = {
				CONFIGURATION_BUILD_DIR = debug;
				ONLY_ACTIVE_ARCH = YES;
				PRODUCT_NAME = "$(TARGET_NAME)";
				VERSIONING_SYSTEM = "apple-generic";
			};
			name = Debug;
		};
		6523DF131F07BCD60082E6A9 /* Release */ = {
			isa = XCBuildConfiguration;
			buildSettings = {
				CONFIGURATION_BUILD_DIR = exec;
				ENABLE_TESTABILITY = YES;
				ONLY_ACTIVE_ARCH = YES;
				PRODUCT_NAME = "$(TARGET_NAME)";
				VERSIONING_SYSTEM = "apple-generic";
			};
			name = Release;
		};
/* End XCBuildConfiguration section */

/* Begin XCConfigurationList section */
		6523DF051F07BCD60082E6A9 /* Build configuration list for PBXProject "adv-ios" */ = {
			isa = XCConfigurationList;
			buildConfigurations = (
				6523DF0F1F07BCD60082E6A9 /* Debug */,
				6523DF101F07BCD60082E6A9 /* Release */,
			);
			defaultConfigurationIsVisible = 0;
			defaultConfigurationName = Release;
		};
		6523DF111F07BCD60082E6A9 /* Build configuration list for PBXNativeTarget "adv-ios" */ = {
			isa = XCConfigurationList;
			buildConfigurations = (
				6523DF121F07BCD60082E6A9 /* Debug */,
				6523DF131F07BCD60082E6A9 /* Release */,
			);
			defaultConfigurationIsVisible = 0;
			defaultConfigurationName = Release;
		};
/* End XCConfigurationList section */
	};
	rootObject = 6523DF021F07BCD60082E6A9 /* Project object */;
}
